<?xml version="1.0" encoding="utf-8"?>
<Project ToolsVersion="4.0" xmlns="http://schemas.microsoft.com/developer/msbuild/2003">
  <ItemGroup>
    <Filter Include="Source Files">
      <UniqueIdentifier>{4FC737F1-C7A5-4376-A066-2A32D752A2FF}</UniqueIdentifier>
      <Extensions>cpp;c;cc;cxx;c++;cppm;ixx;def;odl;idl;hpj;bat;asm;asmx</Extensions>
    </Filter>
    <Filter Include="Header Files">
      <UniqueIdentifier>{93995380-89BD-4b04-88EB-625FBE52EBFB}</UniqueIdentifier>
      <Extensions>h;hh;hpp;hxx;h++;hm;inl;inc;ipp;xsd</Extensions>
    </Filter>
    <Filter Include="Resource Files">
      <UniqueIdentifier>{67DA6AB6-F800-4c08-8B7A-83BB121AAD01}</UniqueIdentifier>
      <Extensions>rc;ico;cur;bmp;dlg;rc2;rct;bin;rgs;gif;jpg;jpeg;jpe;resx;tiff;tif;png;wav;mfcribbon-ms</Extensions>
    </Filter>
    <Filter Include="Shader Files">
      <UniqueIdentifier>{743fed84-8ff8-4b2e-b50c-b2c977123323}</UniqueIdentifier>
    </Filter>
    <Filter Include="Shader Files\Vertex Shaders">
      <UniqueIdentifier>{a74d9220-35a6-4388-8361-a8b349e51ef2}</UniqueIdentifier>
      <Extensions>.vert</Extensions>
    </Filter>
    <Filter Include="Shader Files\Fragment Shaders">
      <UniqueIdentifier>{635fcfdc-7861-4cd9-9c68-d30718873bf4}</UniqueIdentifier>
      <Extensions>.frag</Extensions>
    </Filter>
  </ItemGroup>
  <ItemGroup>
    <ClCompile Include="main.cpp">
      <Filter>Source Files</Filter>
    </ClCompile>
    <ClCompile Include="..\sharedSource\glad.c">
      <Filter>Source Files</Filter>
    </ClCompile>
    <ClCompile Include="clickSpawn.cpp">
      <Filter>Source Files</Filter>
    </ClCompile>
    <ClCompile Include="clickDelete.cpp">
      <Filter>Source Files</Filter>
    </ClCompile>
  </ItemGroup>
  <ItemGroup>
    <ClInclude Include="userInteraction.hpp">
      <Filter>Header Files</Filter>
    </ClInclude>
    <ClInclude Include="Graph.hpp">
      <Filter>Header Files</Filter>
    </ClInclude>
  </ItemGroup>
  <ItemGroup>
    <None Include="basicFrag.frag">
      <Filter>Shader Files\Fragment Shaders</Filter>
    </None>
    <None Include="basicVert.vert">
      <Filter>Shader Files\Vertex Shaders</Filter>
    </None>
    <None Include="pointAsCircle.frag">
      <Filter>Shader Files\Fragment Shaders</Filter>
    </None>
    <None Include="pointAsCircle.vert">
      <Filter>Shader Files\Vertex Shaders</Filter>
    </None>
  </ItemGroup>
</Project>